
Microsoft Visual Studio Solution File, Format Version 12.00
# Visual Studio Version 17
VisualStudioVersion = 17.14.36109.1
MinimumVisualStudioVersion = 10.0.40219.1
Project("{2150E333-8FDC-42A3-9474-1A3956D46DE8}") = "src", "src", "{02EA681E-C7D8-13C7-8484-4AC65E1B71E8}"
EndProject
Project("{2150E333-8FDC-42A3-9474-1A3956D46DE8}") = "tests", "tests", "{ACBE40EE-3C6A-419A-922C-F84476BD15E0}"
EndProject
Project("{FAE04EC0-301F-11D3-BF4B-00C04F79EFBC}") = "RateMovie.Api", "src\RateMovie.Api\RateMovie.Api.csproj", "{57402467-9005-4631-92D3-A94E20133EBF}"
EndProject
Project("{FAE04EC0-301F-11D3-BF4B-00C04F79EFBC}") = "RateMovie.Application", "src\RateMovie.Application\RateMovie.Application.csproj", "{2C2BD9FA-EE08-4EB2-AEC6-2C540AE59FA0}"
EndProject
Project("{FAE04EC0-301F-11D3-BF4B-00C04F79EFBC}") = "RateMovie.Infrastructure", "src\RateMovie.Infrastructure\RateMovie.Infrastructure.csproj", "{5BA0ADC3-F651-4048-B737-D1C9C8A30BB1}"
EndProject
Project("{FAE04EC0-301F-11D3-BF4B-00C04F79EFBC}") = "RateMovie.Domain", "src\RateMovie.Domain\RateMovie.Domain.csproj", "{7D770E4D-A1FF-4E01-96DA-2A77C764D09E}"
EndProject
Project("{FAE04EC0-301F-11D3-BF4B-00C04F79EFBC}") = "RateMovie.Communication", "src\RateMovie.Communication\RateMovie.Communication.csproj", "{DEAB7E8E-EFDC-463A-A493-39995B39EBE1}"
EndProject
Project("{FAE04EC0-301F-11D3-BF4B-00C04F79EFBC}") = "RateMovie.Exception", "src\RateMovie.Exception\RateMovie.Exception.csproj", "{AA783099-0A56-4BE8-88A2-CE8D31718AAB}"
EndProject
Project("{FAE04EC0-301F-11D3-BF4B-00C04F79EFBC}") = "RateMovie.CommonUtilities", "tests\RateMovie.CommonUtilities\RateMovie.CommonUtilities.csproj", "{6E50F5FA-D6A9-4F87-94B3-6B34EB3B7CF0}"
EndProject
Project("{FAE04EC0-301F-11D3-BF4B-00C04F79EFBC}") = "RateMovie.UnitTests", "tests\RateMovie.UnitTests\RateMovie.UnitTests.csproj", "{480893BE-86F7-4878-B888-64B07B3B3AEF}"
EndProject
Project("{FAE04EC0-301F-11D3-BF4B-00C04F79EFBC}") = "RateMovie.IntegrationTests", "tests\RateMovie.IntegrationTests\RateMovie.IntegrationTests.csproj", "{42187A7E-DB35-4240-AB4E-DDFF2F09DD6B}"
EndProject
Global
	GlobalSection(SolutionConfigurationPlatforms) = preSolution
		Debug|Any CPU = Debug|Any CPU
		Release|Any CPU = Release|Any CPU
	EndGlobalSection
	GlobalSection(ProjectConfigurationPlatforms) = postSolution
		{57402467-9005-4631-92D3-A94E20133EBF}.Debug|Any CPU.ActiveCfg = Debug|Any CPU
		{57402467-9005-4631-92D3-A94E20133EBF}.Debug|Any CPU.Build.0 = Debug|Any CPU
		{57402467-9005-4631-92D3-A94E20133EBF}.Release|Any CPU.ActiveCfg = Release|Any CPU
		{57402467-9005-4631-92D3-A94E20133EBF}.Release|Any CPU.Build.0 = Release|Any CPU
		{2C2BD9FA-EE08-4EB2-AEC6-2C540AE59FA0}.Debug|Any CPU.ActiveCfg = Debug|Any CPU
		{2C2BD9FA-EE08-4EB2-AEC6-2C540AE59FA0}.Debug|Any CPU.Build.0 = Debug|Any CPU
		{2C2BD9FA-EE08-4EB2-AEC6-2C540AE59FA0}.Release|Any CPU.ActiveCfg = Release|Any CPU
		{2C2BD9FA-EE08-4EB2-AEC6-2C540AE59FA0}.Release|Any CPU.Build.0 = Release|Any CPU
		{5BA0ADC3-F651-4048-B737-D1C9C8A30BB1}.Debug|Any CPU.ActiveCfg = Debug|Any CPU
		{5BA0ADC3-F651-4048-B737-D1C9C8A30BB1}.Debug|Any CPU.Build.0 = Debug|Any CPU
		{5BA0ADC3-F651-4048-B737-D1C9C8A30BB1}.Release|Any CPU.ActiveCfg = Release|Any CPU
		{5BA0ADC3-F651-4048-B737-D1C9C8A30BB1}.Release|Any CPU.Build.0 = Release|Any CPU
		{7D770E4D-A1FF-4E01-96DA-2A77C764D09E}.Debug|Any CPU.ActiveCfg = Debug|Any CPU
		{7D770E4D-A1FF-4E01-96DA-2A77C764D09E}.Debug|Any CPU.Build.0 = Debug|Any CPU
		{7D770E4D-A1FF-4E01-96DA-2A77C764D09E}.Release|Any CPU.ActiveCfg = Release|Any CPU
		{7D770E4D-A1FF-4E01-96DA-2A77C764D09E}.Release|Any CPU.Build.0 = Release|Any CPU
		{DEAB7E8E-EFDC-463A-A493-39995B39EBE1}.Debug|Any CPU.ActiveCfg = Debug|Any CPU
		{DEAB7E8E-EFDC-463A-A493-39995B39EBE1}.Debug|Any CPU.Build.0 = Debug|Any CPU
		{DEAB7E8E-EFDC-463A-A493-39995B39EBE1}.Release|Any CPU.ActiveCfg = Release|Any CPU
		{DEAB7E8E-EFDC-463A-A493-39995B39EBE1}.Release|Any CPU.Build.0 = Release|Any CPU
		{AA783099-0A56-4BE8-88A2-CE8D31718AAB}.Debug|Any CPU.ActiveCfg = Debug|Any CPU
		{AA783099-0A56-4BE8-88A2-CE8D31718AAB}.Debug|Any CPU.Build.0 = Debug|Any CPU
		{AA783099-0A56-4BE8-88A2-CE8D31718AAB}.Release|Any CPU.ActiveCfg = Release|Any CPU
		{AA783099-0A56-4BE8-88A2-CE8D31718AAB}.Release|Any CPU.Build.0 = Release|Any CPU
		{6E50F5FA-D6A9-4F87-94B3-6B34EB3B7CF0}.Debug|Any CPU.ActiveCfg = Debug|Any CPU
		{6E50F5FA-D6A9-4F87-94B3-6B34EB3B7CF0}.Debug|Any CPU.Build.0 = Debug|Any CPU
		{6E50F5FA-D6A9-4F87-94B3-6B34EB3B7CF0}.Release|Any CPU.ActiveCfg = Release|Any CPU
		{6E50F5FA-D6A9-4F87-94B3-6B34EB3B7CF0}.Release|Any CPU.Build.0 = Release|Any CPU
		{480893BE-86F7-4878-B888-64B07B3B3AEF}.Debug|Any CPU.ActiveCfg = Debug|Any CPU
		{480893BE-86F7-4878-B888-64B07B3B3AEF}.Debug|Any CPU.Build.0 = Debug|Any CPU
		{480893BE-86F7-4878-B888-64B07B3B3AEF}.Release|Any CPU.ActiveCfg = Release|Any CPU
		{480893BE-86F7-4878-B888-64B07B3B3AEF}.Release|Any CPU.Build.0 = Release|Any CPU
		{42187A7E-DB35-4240-AB4E-DDFF2F09DD6B}.Debug|Any CPU.ActiveCfg = Debug|Any CPU
		{42187A7E-DB35-4240-AB4E-DDFF2F09DD6B}.Debug|Any CPU.Build.0 = Debug|Any CPU
		{42187A7E-DB35-4240-AB4E-DDFF2F09DD6B}.Release|Any CPU.ActiveCfg = Release|Any CPU
		{42187A7E-DB35-4240-AB4E-DDFF2F09DD6B}.Release|Any CPU.Build.0 = Release|Any CPU
	EndGlobalSection
	GlobalSection(SolutionProperties) = preSolution
		HideSolutionNode = FALSE
	EndGlobalSection
	GlobalSection(NestedProjects) = preSolution
		{57402467-9005-4631-92D3-A94E20133EBF} = {02EA681E-C7D8-13C7-8484-4AC65E1B71E8}
		{2C2BD9FA-EE08-4EB2-AEC6-2C540AE59FA0} = {02EA681E-C7D8-13C7-8484-4AC65E1B71E8}
		{5BA0ADC3-F651-4048-B737-D1C9C8A30BB1} = {02EA681E-C7D8-13C7-8484-4AC65E1B71E8}
		{7D770E4D-A1FF-4E01-96DA-2A77C764D09E} = {02EA681E-C7D8-13C7-8484-4AC65E1B71E8}
		{DEAB7E8E-EFDC-463A-A493-39995B39EBE1} = {02EA681E-C7D8-13C7-8484-4AC65E1B71E8}
		{AA783099-0A56-4BE8-88A2-CE8D31718AAB} = {02EA681E-C7D8-13C7-8484-4AC65E1B71E8}
		{6E50F5FA-D6A9-4F87-94B3-6B34EB3B7CF0} = {ACBE40EE-3C6A-419A-922C-F84476BD15E0}
		{480893BE-86F7-4878-B888-64B07B3B3AEF} = {ACBE40EE-3C6A-419A-922C-F84476BD15E0}
		{42187A7E-DB35-4240-AB4E-DDFF2F09DD6B} = {ACBE40EE-3C6A-419A-922C-F84476BD15E0}
	EndGlobalSection
	GlobalSection(ExtensibilityGlobals) = postSolution
		SolutionGuid = {0A6032DB-77CE-47D4-811A-4AFEF9D7D8C4}
	EndGlobalSection
EndGlobal
